
Microsoft Visual Studio Solution File, Format Version 12.00
# Visual Studio Version 16
VisualStudioVersion = 16.0.30413.136
MinimumVisualStudioVersion = 10.0.40219.1
Project("{FAE04EC0-301F-11D3-BF4B-00C04F79EFBC}") = "MvvmApp.Android", "MvvmApp.Android\MvvmApp.Android.csproj", "{5F79BA10-8BB1-4C93-A1FA-95DE10E086C5}"
EndProject
Project("{FAE04EC0-301F-11D3-BF4B-00C04F79EFBC}") = "MvvmApp.iOS", "MvvmApp.iOS\MvvmApp.iOS.csproj", "{E00EBC37-EF84-4143-8C8C-2109154E2712}"
EndProject
Project("{FAE04EC0-301F-11D3-BF4B-00C04F79EFBC}") = "MvvmApp", "MvvmApp\MvvmApp.csproj", "{8370BD6F-C2D6-4AB2-936A-7889E54EC165}"
EndProject
Global
	GlobalSection(SolutionConfigurationPlatforms) = preSolution
		Debug|Any CPU = Debug|Any CPU
		Debug|iPhone = Debug|iPhone
		Debug|iPhoneSimulator = Debug|iPhoneSimulator
		Release|Any CPU = Release|Any CPU
		Release|iPhone = Release|iPhone
		Release|iPhoneSimulator = Release|iPhoneSimulator
	EndGlobalSection
	GlobalSection(ProjectConfigurationPlatforms) = postSolution
		{5F79BA10-8BB1-4C93-A1FA-95DE10E086C5}.Debug|Any CPU.ActiveCfg = Debug|Any CPU
		{5F79BA10-8BB1-4C93-A1FA-95DE10E086C5}.Debug|Any CPU.Build.0 = Debug|Any CPU
		{5F79BA10-8BB1-4C93-A1FA-95DE10E086C5}.Debug|Any CPU.Deploy.0 = Debug|Any CPU
		{5F79BA10-8BB1-4C93-A1FA-95DE10E086C5}.Debug|iPhone.ActiveCfg = Debug|Any CPU
		{5F79BA10-8BB1-4C93-A1FA-95DE10E086C5}.Debug|iPhone.Build.0 = Debug|Any CPU
		{5F79BA10-8BB1-4C93-A1FA-95DE10E086C5}.Debug|iPhone.Deploy.0 = Debug|Any CPU
		{5F79BA10-8BB1-4C93-A1FA-95DE10E086C5}.Debug|iPhoneSimulator.ActiveCfg = Debug|Any CPU
		{5F79BA10-8BB1-4C93-A1FA-95DE10E086C5}.Debug|iPhoneSimulator.Build.0 = Debug|Any CPU
		{5F79BA10-8BB1-4C93-A1FA-95DE10E086C5}.Debug|iPhoneSimulator.Deploy.0 = Debug|Any CPU
		{5F79BA10-8BB1-4C93-A1FA-95DE10E086C5}.Release|Any CPU.ActiveCfg = Release|Any CPU
		{5F79BA10-8BB1-4C93-A1FA-95DE10E086C5}.Release|Any CPU.Build.0 = Release|Any CPU
		{5F79BA10-8BB1-4C93-A1FA-95DE10E086C5}.Release|Any CPU.Deploy.0 = Release|Any CPU
		{5F79BA10-8BB1-4C93-A1FA-95DE10E086C5}.Release|iPhone.ActiveCfg = Release|Any CPU
		{5F79BA10-8BB1-4C93-A1FA-95DE10E086C5}.Release|iPhone.Build.0 = Release|Any CPU
		{5F79BA10-8BB1-4C93-A1FA-95DE10E086C5}.Release|iPhone.Deploy.0 = Release|Any CPU
		{5F79BA10-8BB1-4C93-A1FA-95DE10E086C5}.Release|iPhoneSimulator.ActiveCfg = Release|Any CPU
		{5F79BA10-8BB1-4C93-A1FA-95DE10E086C5}.Release|iPhoneSimulator.Build.0 = Release|Any CPU
		{5F79BA10-8BB1-4C93-A1FA-95DE10E086C5}.Release|iPhoneSimulator.Deploy.0 = Release|Any CPU
		{E00EBC37-EF84-4143-8C8C-2109154E2712}.Debug|Any CPU.ActiveCfg = Debug|iPhone
		{E00EBC37-EF84-4143-8C8C-2109154E2712}.Debug|Any CPU.Build.0 = Debug|iPhone
		{E00EBC37-EF84-4143-8C8C-2109154E2712}.Debug|Any CPU.Deploy.0 = Debug|iPhone
		{E00EBC37-EF84-4143-8C8C-2109154E2712}.Debug|iPhone.ActiveCfg = Debug|iPhone
		{E00EBC37-EF84-4143-8C8C-2109154E2712}.Debug|iPhone.Build.0 = Debug|iPhone
		{E00EBC37-EF84-4143-8C8C-2109154E2712}.Debug|iPhone.Deploy.0 = Debug|iPhone
		{E00EBC37-EF84-4143-8C8C-2109154E2712}.Debug|iPhoneSimulator.ActiveCfg = Debug|iPhoneSimulator
		{E00EBC37-EF84-4143-8C8C-2109154E2712}.Debug|iPhoneSimulator.Build.0 = Debug|iPhoneSimulator
		{E00EBC37-EF84-4143-8C8C-2109154E2712}.Debug|iPhoneSimulator.Deploy.0 = Debug|iPhoneSimulator
		{E00EBC37-EF84-4143-8C8C-2109154E2712}.Release|Any CPU.ActiveCfg = Release|iPhone
		{E00EBC37-EF84-4143-8C8C-2109154E2712}.Release|Any CPU.Build.0 = Release|iPhone
		{E00EBC37-EF84-4143-8C8C-2109154E2712}.Release|Any CPU.Deploy.0 = Release|iPhone
		{E00EBC37-EF84-4143-8C8C-2109154E2712}.Release|iPhone.ActiveCfg = Release|iPhone
		{E00EBC37-EF84-4143-8C8C-2109154E2712}.Release|iPhone.Build.0 = Release|iPhone
		{E00EBC37-EF84-4143-8C8C-2109154E2712}.Release|iPhone.Deploy.0 = Release|iPhone
		{E00EBC37-EF84-4143-8C8C-2109154E2712}.Release|iPhoneSimulator.ActiveCfg = Release|iPhoneSimulator
		{E00EBC37-EF84-4143-8C8C-2109154E2712}.Release|iPhoneSimulator.Build.0 = Release|iPhoneSimulator
		{E00EBC37-EF84-4143-8C8C-2109154E2712}.Release|iPhoneSimulator.Deploy.0 = Release|iPhoneSimulator
		{8370BD6F-C2D6-4AB2-936A-7889E54EC165}.Debug|Any CPU.ActiveCfg = Debug|Any CPU
		{8370BD6F-C2D6-4AB2-936A-7889E54EC165}.Debug|Any CPU.Build.0 = Debug|Any CPU
		{8370BD6F-C2D6-4AB2-936A-7889E54EC165}.Debug|Any CPU.Deploy.0 = Debug|Any CPU
		{8370BD6F-C2D6-4AB2-936A-7889E54EC165}.Debug|iPhone.ActiveCfg = Debug|Any CPU
		{8370BD6F-C2D6-4AB2-936A-7889E54EC165}.Debug|iPhone.Build.0 = Debug|Any CPU
		{8370BD6F-C2D6-4AB2-936A-7889E54EC165}.Debug|iPhone.Deploy.0 = Debug|Any CPU
		{8370BD6F-C2D6-4AB2-936A-7889E54EC165}.Debug|iPhoneSimulator.ActiveCfg = Debug|Any CPU
		{8370BD6F-C2D6-4AB2-936A-7889E54EC165}.Debug|iPhoneSimulator.Build.0 = Debug|Any CPU
		{8370BD6F-C2D6-4AB2-936A-7889E54EC165}.Debug|iPhoneSimulator.Deploy.0 = Debug|Any CPU
		{8370BD6F-C2D6-4AB2-936A-7889E54EC165}.Release|Any CPU.ActiveCfg = Release|Any CPU
		{8370BD6F-C2D6-4AB2-936A-7889E54EC165}.Release|Any CPU.Build.0 = Release|Any CPU
		{8370BD6F-C2D6-4AB2-936A-7889E54EC165}.Release|Any CPU.Deploy.0 = Release|Any CPU
		{8370BD6F-C2D6-4AB2-936A-7889E54EC165}.Release|iPhone.ActiveCfg = Release|Any CPU
		{8370BD6F-C2D6-4AB2-936A-7889E54EC165}.Release|iPhone.Build.0 = Release|Any CPU
		{8370BD6F-C2D6-4AB2-936A-7889E54EC165}.Release|iPhone.Deploy.0 = Release|Any CPU
		{8370BD6F-C2D6-4AB2-936A-7889E54EC165}.Release|iPhoneSimulator.ActiveCfg = Release|Any CPU
		{8370BD6F-C2D6-4AB2-936A-7889E54EC165}.Release|iPhoneSimulator.Build.0 = Release|Any CPU
		{8370BD6F-C2D6-4AB2-936A-7889E54EC165}.Release|iPhoneSimulator.Deploy.0 = Release|Any CPU
	EndGlobalSection
	GlobalSection(SolutionProperties) = preSolution
		HideSolutionNode = FALSE
	EndGlobalSection
	GlobalSection(ExtensibilityGlobals) = postSolution
		SolutionGuid = {C8FF3836-4789-4CE9-9CC9-54D144FF0FDE}
	EndGlobalSection
EndGlobal
